
Microsoft Visual Studio Solution File, Format Version 12.00
# Visual Studio Version 17
VisualStudioVersion = 17.7.34031.279
MinimumVisualStudioVersion = 10.0.40219.1
Project("{FAE04EC0-301F-11D3-BF4B-00C04F79EFBC}") = "Uczelnia", "Uczelnia\Uczelnia.csproj", "{7ECB365B-7ABC-4A0C-99F9-8F0795931E8B}"
EndProject
Global
	GlobalSection(SolutionConfigurationPlatforms) = preSolution
		Debug|Any CPU = Debug|Any CPU
		Release|Any CPU = Release|Any CPU
	EndGlobalSection
	GlobalSection(ProjectConfigurationPlatforms) = postSolution
		{7ECB365B-7ABC-4A0C-99F9-8F0795931E8B}.Debug|Any CPU.ActiveCfg = Debug|Any CPU
		{7ECB365B-7ABC-4A0C-99F9-8F0795931E8B}.Debug|Any CPU.Build.0 = Debug|Any CPU
		{7ECB365B-7ABC-4A0C-99F9-8F0795931E8B}.Release|Any CPU.ActiveCfg = Release|Any CPU
		{7ECB365B-7ABC-4A0C-99F9-8F0795931E8B}.Release|Any CPU.Build.0 = Release|Any CPU
	EndGlobalSection
	GlobalSection(SolutionProperties) = preSolution
		HideSolutionNode = FALSE
	EndGlobalSection
	GlobalSection(ExtensibilityGlobals) = postSolution
		SolutionGuid = {D3A6FCDA-D7F7-4C9E-B896-065B539834F3}
	EndGlobalSection
EndGlobal
